github.com/ayn2op/arikawa/v3 v3.0.0-20260928034708-680cae62d12d h1:3V0E64O9ITdnXWDG+c+fq1Qxbc79eCMSM2m0uH/DzE4=
github.com/ayn2op/arikawa/v3 v3.0.0-20260928034708-680cae62d12d/go.mod h1:bzMgZqBnJr1pu7EHq2d9906sAtHA+iklIxxvnS5kfDo=
github.com/gorilla/schema v1.4.1 h1:jUg5hUjCSDZpNGLuXQOgIWGdlgrIdYvgQ0wZtdK1M3E=
github.com/gorilla/schema v1.4.1/go.mod h1:Dg5SSm5PV60mhF2NFaTV1xuYYj8tV8NOPRo4FggUMnM=
github.com/gorilla/websocket v1.5.3 h1:saDtZ6Pbx/0u+bgYQ3q96pZgCzfhKXGPqt7kZ72aNNg=
github.com/gorilla/websocket v1.5.3/go.mod h1:YR8l580nyteQvAITg2hZ9XVh4b55+EU/adAjf1fMHhE=
github.com/twmb/murmur3 v1.2.0 h1:S6p/KHqoqsLveELUoKh6zSm/Kwwgl1pStVBgrrLa5UA=
github.com/twmb/murmur3 v1.2.0/go.mod h1:LVqs/avIy0flspVtmBd4VSbogDepFl6Wkj0i0ToccHE=
golang.org/x/time v0.16.0 h1:vMb6ptszcQMkcwiRTAuNNU50gom6++Q/6gY2hDM6VDE=
golang.org/x/time v0.16.0/go.mod h1:rVKOqvZeKvrDKTQiAHJ7wmwP0RzleSphoEA9RcdLA0s=
